
Microsoft Visual Studio Solution File, Format Version 12.00
# Visual Studio Version 17
VisualStudioVersion = 17.7.34202.233
MinimumVisualStudioVersion = 10.0.40219.1
Project("{2150E333-8FDC-42A3-9474-1A3956D46DE8}") = "src", "src", "{B019F5E8-535B-4FBB-9495-B64EF4079E92}"
EndProject
Project("{2150E333-8FDC-42A3-9474-1A3956D46DE8}") = "tests", "tests", "{0971EE51-2886-44E6-8FA4-11B606DBFD61}"
EndProject
Project("{9A19103F-16F7-4668-BE54-9A1E7A4F7556}") = "MINUX.Backend.Unit.Service", "src\MINUX.Backend.Unit.Service\MINUX.Backend.Unit.Service.csproj", "{CFC4A9B6-DAE7-4E22-86E0-B235D9A2F999}"
EndProject
Project("{9A19103F-16F7-4668-BE54-9A1E7A4F7556}") = "MINUX.Backend.Unit.UseCases", "src\MINUX.Backend.Unit.UseCases\MINUX.Backend.Unit.UseCases.csproj", "{C50F416A-7B13-4A82-9937-B3173A9E6F1D}"
EndProject
Project("{9A19103F-16F7-4668-BE54-9A1E7A4F7556}") = "MINUX.Backend.Unit.Core", "src\MINUX.Backend.Unit.Core\MINUX.Backend.Unit.Core.csproj", "{B73EA038-CFF7-40CE-A05B-0452E135FB87}"
EndProject
Project("{9A19103F-16F7-4668-BE54-9A1E7A4F7556}") = "MINUX.Backend.Unit.Contracts", "src\MINUX.Backend.Unit.Contracts\MINUX.Backend.Unit.Contracts.csproj", "{7D3E646A-9C17-429C-95A3-BFB375C8F7E9}"
EndProject
Project("{9A19103F-16F7-4668-BE54-9A1E7A4F7556}") = "MINUX.Backend.Unit.DataAccess", "src\MINUX.Backend.Unit.DataAccess\MINUX.Backend.Unit.DataAccess.csproj", "{787011E1-9D47-4750-B9CC-F39B272605EE}"
EndProject
Project("{2150E333-8FDC-42A3-9474-1A3956D46DE8}") = "MINUX.Packages", "MINUX.Packages", "{4282C039-7DD9-46FD-ADF4-497E6EF0725E}"
EndProject
Project("{9A19103F-16F7-4668-BE54-9A1E7A4F7556}") = "Kernel.UseCases", "MINUX.packages\Kernel.UseCases\Kernel.UseCases.csproj", "{64FC86B6-D511-447E-974C-D07B13FB96CD}"
EndProject
Global
	GlobalSection(SolutionConfigurationPlatforms) = preSolution
		Debug|Any CPU = Debug|Any CPU
		Release|Any CPU = Release|Any CPU
	EndGlobalSection
	GlobalSection(ProjectConfigurationPlatforms) = postSolution
		{CFC4A9B6-DAE7-4E22-86E0-B235D9A2F999}.Debug|Any CPU.ActiveCfg = Debug|Any CPU
		{CFC4A9B6-DAE7-4E22-86E0-B235D9A2F999}.Debug|Any CPU.Build.0 = Debug|Any CPU
		{CFC4A9B6-DAE7-4E22-86E0-B235D9A2F999}.Release|Any CPU.ActiveCfg = Release|Any CPU
		{CFC4A9B6-DAE7-4E22-86E0-B235D9A2F999}.Release|Any CPU.Build.0 = Release|Any CPU
		{C50F416A-7B13-4A82-9937-B3173A9E6F1D}.Debug|Any CPU.ActiveCfg = Debug|Any CPU
		{C50F416A-7B13-4A82-9937-B3173A9E6F1D}.Debug|Any CPU.Build.0 = Debug|Any CPU
		{C50F416A-7B13-4A82-9937-B3173A9E6F1D}.Release|Any CPU.ActiveCfg = Release|Any CPU
		{C50F416A-7B13-4A82-9937-B3173A9E6F1D}.Release|Any CPU.Build.0 = Release|Any CPU
		{B73EA038-CFF7-40CE-A05B-0452E135FB87}.Debug|Any CPU.ActiveCfg = Debug|Any CPU
		{B73EA038-CFF7-40CE-A05B-0452E135FB87}.Debug|Any CPU.Build.0 = Debug|Any CPU
		{B73EA038-CFF7-40CE-A05B-0452E135FB87}.Release|Any CPU.ActiveCfg = Release|Any CPU
		{B73EA038-CFF7-40CE-A05B-0452E135FB87}.Release|Any CPU.Build.0 = Release|Any CPU
		{7D3E646A-9C17-429C-95A3-BFB375C8F7E9}.Debug|Any CPU.ActiveCfg = Debug|Any CPU
		{7D3E646A-9C17-429C-95A3-BFB375C8F7E9}.Debug|Any CPU.Build.0 = Debug|Any CPU
		{7D3E646A-9C17-429C-95A3-BFB375C8F7E9}.Release|Any CPU.ActiveCfg = Release|Any CPU
		{7D3E646A-9C17-429C-95A3-BFB375C8F7E9}.Release|Any CPU.Build.0 = Release|Any CPU
		{787011E1-9D47-4750-B9CC-F39B272605EE}.Debug|Any CPU.ActiveCfg = Debug|Any CPU
		{787011E1-9D47-4750-B9CC-F39B272605EE}.Debug|Any CPU.Build.0 = Debug|Any CPU
		{787011E1-9D47-4750-B9CC-F39B272605EE}.Release|Any CPU.ActiveCfg = Release|Any CPU
		{787011E1-9D47-4750-B9CC-F39B272605EE}.Release|Any CPU.Build.0 = Release|Any CPU
		{64FC86B6-D511-447E-974C-D07B13FB96CD}.Debug|Any CPU.ActiveCfg = Debug|Any CPU
		{64FC86B6-D511-447E-974C-D07B13FB96CD}.Debug|Any CPU.Build.0 = Debug|Any CPU
		{64FC86B6-D511-447E-974C-D07B13FB96CD}.Release|Any CPU.ActiveCfg = Release|Any CPU
		{64FC86B6-D511-447E-974C-D07B13FB96CD}.Release|Any CPU.Build.0 = Release|Any CPU
	EndGlobalSection
	GlobalSection(SolutionProperties) = preSolution
		HideSolutionNode = FALSE
	EndGlobalSection
	GlobalSection(NestedProjects) = preSolution
		{CFC4A9B6-DAE7-4E22-86E0-B235D9A2F999} = {B019F5E8-535B-4FBB-9495-B64EF4079E92}
		{C50F416A-7B13-4A82-9937-B3173A9E6F1D} = {B019F5E8-535B-4FBB-9495-B64EF4079E92}
		{B73EA038-CFF7-40CE-A05B-0452E135FB87} = {B019F5E8-535B-4FBB-9495-B64EF4079E92}
		{7D3E646A-9C17-429C-95A3-BFB375C8F7E9} = {B019F5E8-535B-4FBB-9495-B64EF4079E92}
		{787011E1-9D47-4750-B9CC-F39B272605EE} = {B019F5E8-535B-4FBB-9495-B64EF4079E92}
		{64FC86B6-D511-447E-974C-D07B13FB96CD} = {4282C039-7DD9-46FD-ADF4-497E6EF0725E}
	EndGlobalSection
	GlobalSection(ExtensibilityGlobals) = postSolution
		SolutionGuid = {4FBECFB8-CC2B-400B-A406-389D1F31BF93}
	EndGlobalSection
EndGlobal
