
Microsoft Visual Studio Solution File, Format Version 12.00
# Visual Studio Version 17
VisualStudioVersion = 17.7.34202.233
MinimumVisualStudioVersion = 10.0.40219.1
Project("{2150E333-8FDC-42A3-9474-1A3956D46DE8}") = "src", "src", "{B019F5E8-535B-4FBB-9495-B64EF4079E92}"
EndProject
Project("{2150E333-8FDC-42A3-9474-1A3956D46DE8}") = "tests", "tests", "{0971EE51-2886-44E6-8FA4-11B606DBFD61}"
EndProject
Project("{2150E333-8FDC-42A3-9474-1A3956D46DE8}") = "MINUX.Packages", "MINUX.Packages", "{4282C039-7DD9-46FD-ADF4-497E6EF0725E}"
EndProject
Project("{9A19103F-16F7-4668-BE54-9A1E7A4F7556}") = "Kernel.UseCases", "MINUX.packages\Kernel.UseCases\Kernel.UseCases.csproj", "{64FC86B6-D511-447E-974C-D07B13FB96CD}"
EndProject
Project("{9A19103F-16F7-4668-BE54-9A1E7A4F7556}") = "MINUX.Backend.Worker.Contracts", "src\MINUX.Backend.Worker.Contracts\MINUX.Backend.Worker.Contracts.csproj", "{27EBA45F-6BCC-4B0E-8FD1-AF3C3B346DCA}"
EndProject
Project("{9A19103F-16F7-4668-BE54-9A1E7A4F7556}") = "MINUX.Backend.Worker.Core", "src\MINUX.Backend.Worker.Core\MINUX.Backend.Worker.Core.csproj", "{48903184-2AD0-451D-B8A1-AEB12D18D777}"
EndProject
Project("{9A19103F-16F7-4668-BE54-9A1E7A4F7556}") = "MINUX.Backend.Worker.DataAccess", "src\MINUX.Backend.Worker.DataAccess\MINUX.Backend.Worker.DataAccess.csproj", "{20646A8E-9D38-481B-96D6-D39D83432C08}"
EndProject
Project("{9A19103F-16F7-4668-BE54-9A1E7A4F7556}") = "MINUX.Backend.Worker.Service", "src\MINUX.Backend.Worker.Service\MINUX.Backend.Worker.Service.csproj", "{4E143722-5CD7-4B00-9B56-AC46514B04FD}"
EndProject
Project("{9A19103F-16F7-4668-BE54-9A1E7A4F7556}") = "MINUX.Backend.Worker.UseCases", "src\MINUX.Backend.Worker.UseCases\MINUX.Backend.Worker.UseCases.csproj", "{85CB9D93-C814-4765-A109-1C8717D3A75F}"
EndProject
Global
	GlobalSection(SolutionConfigurationPlatforms) = preSolution
		Debug|Any CPU = Debug|Any CPU
		Release|Any CPU = Release|Any CPU
	EndGlobalSection
	GlobalSection(ProjectConfigurationPlatforms) = postSolution
		{64FC86B6-D511-447E-974C-D07B13FB96CD}.Debug|Any CPU.ActiveCfg = Debug|Any CPU
		{64FC86B6-D511-447E-974C-D07B13FB96CD}.Debug|Any CPU.Build.0 = Debug|Any CPU
		{64FC86B6-D511-447E-974C-D07B13FB96CD}.Release|Any CPU.ActiveCfg = Release|Any CPU
		{64FC86B6-D511-447E-974C-D07B13FB96CD}.Release|Any CPU.Build.0 = Release|Any CPU
		{27EBA45F-6BCC-4B0E-8FD1-AF3C3B346DCA}.Debug|Any CPU.ActiveCfg = Debug|Any CPU
		{27EBA45F-6BCC-4B0E-8FD1-AF3C3B346DCA}.Debug|Any CPU.Build.0 = Debug|Any CPU
		{27EBA45F-6BCC-4B0E-8FD1-AF3C3B346DCA}.Release|Any CPU.ActiveCfg = Release|Any CPU
		{27EBA45F-6BCC-4B0E-8FD1-AF3C3B346DCA}.Release|Any CPU.Build.0 = Release|Any CPU
		{48903184-2AD0-451D-B8A1-AEB12D18D777}.Debug|Any CPU.ActiveCfg = Debug|Any CPU
		{48903184-2AD0-451D-B8A1-AEB12D18D777}.Debug|Any CPU.Build.0 = Debug|Any CPU
		{48903184-2AD0-451D-B8A1-AEB12D18D777}.Release|Any CPU.ActiveCfg = Release|Any CPU
		{48903184-2AD0-451D-B8A1-AEB12D18D777}.Release|Any CPU.Build.0 = Release|Any CPU
		{20646A8E-9D38-481B-96D6-D39D83432C08}.Debug|Any CPU.ActiveCfg = Debug|Any CPU
		{20646A8E-9D38-481B-96D6-D39D83432C08}.Debug|Any CPU.Build.0 = Debug|Any CPU
		{20646A8E-9D38-481B-96D6-D39D83432C08}.Release|Any CPU.ActiveCfg = Release|Any CPU
		{20646A8E-9D38-481B-96D6-D39D83432C08}.Release|Any CPU.Build.0 = Release|Any CPU
		{4E143722-5CD7-4B00-9B56-AC46514B04FD}.Debug|Any CPU.ActiveCfg = Debug|Any CPU
		{4E143722-5CD7-4B00-9B56-AC46514B04FD}.Debug|Any CPU.Build.0 = Debug|Any CPU
		{4E143722-5CD7-4B00-9B56-AC46514B04FD}.Release|Any CPU.ActiveCfg = Release|Any CPU
		{4E143722-5CD7-4B00-9B56-AC46514B04FD}.Release|Any CPU.Build.0 = Release|Any CPU
		{85CB9D93-C814-4765-A109-1C8717D3A75F}.Debug|Any CPU.ActiveCfg = Debug|Any CPU
		{85CB9D93-C814-4765-A109-1C8717D3A75F}.Debug|Any CPU.Build.0 = Debug|Any CPU
		{85CB9D93-C814-4765-A109-1C8717D3A75F}.Release|Any CPU.ActiveCfg = Release|Any CPU
		{85CB9D93-C814-4765-A109-1C8717D3A75F}.Release|Any CPU.Build.0 = Release|Any CPU
	EndGlobalSection
	GlobalSection(SolutionProperties) = preSolution
		HideSolutionNode = FALSE
	EndGlobalSection
	GlobalSection(NestedProjects) = preSolution
		{64FC86B6-D511-447E-974C-D07B13FB96CD} = {4282C039-7DD9-46FD-ADF4-497E6EF0725E}
		{27EBA45F-6BCC-4B0E-8FD1-AF3C3B346DCA} = {B019F5E8-535B-4FBB-9495-B64EF4079E92}
		{48903184-2AD0-451D-B8A1-AEB12D18D777} = {B019F5E8-535B-4FBB-9495-B64EF4079E92}
		{20646A8E-9D38-481B-96D6-D39D83432C08} = {B019F5E8-535B-4FBB-9495-B64EF4079E92}
		{4E143722-5CD7-4B00-9B56-AC46514B04FD} = {B019F5E8-535B-4FBB-9495-B64EF4079E92}
		{85CB9D93-C814-4765-A109-1C8717D3A75F} = {B019F5E8-535B-4FBB-9495-B64EF4079E92}
	EndGlobalSection
	GlobalSection(ExtensibilityGlobals) = postSolution
		SolutionGuid = {4FBECFB8-CC2B-400B-A406-389D1F31BF93}
	EndGlobalSection
EndGlobal
