
Microsoft Visual Studio Solution File, Format Version 12.00
# Visual Studio Version 17
VisualStudioVersion = 17.7.34202.233
MinimumVisualStudioVersion = 10.0.40219.1
Project("{2150E333-8FDC-42A3-9474-1A3956D46DE8}") = "src", "src", "{B019F5E8-535B-4FBB-9495-B64EF4079E92}"
EndProject
Project("{2150E333-8FDC-42A3-9474-1A3956D46DE8}") = "tests", "tests", "{0971EE51-2886-44E6-8FA4-11B606DBFD61}"
EndProject
Project("{2150E333-8FDC-42A3-9474-1A3956D46DE8}") = "MINUX.Packages", "MINUX.Packages", "{4282C039-7DD9-46FD-ADF4-497E6EF0725E}"
EndProject
Project("{9A19103F-16F7-4668-BE54-9A1E7A4F7556}") = "MNX.Kernel.UseCases.DI", "MINUX.packages\MNX.Kernel.UseCases.DI\MNX.Kernel.UseCases.DI.csproj", "{4FE440FA-F3EA-4046-B323-440C3472A5E5}"
EndProject
Project("{9A19103F-16F7-4668-BE54-9A1E7A4F7556}") = "MNX.Kernel.UseCases", "MINUX.packages\MNX.Kernel.UseCases\MNX.Kernel.UseCases.csproj", "{0A1AE0E4-6FB8-4220-997D-419734134E9A}"
EndProject
Project("{2150E333-8FDC-42A3-9474-1A3956D46DE8}") = "Management", "Management", "{9C628EEF-6EAA-4451-83D8-74D9E717C558}"
EndProject
Project("{9A19103F-16F7-4668-BE54-9A1E7A4F7556}") = "MNX.MonitoringCenter.Management.Contracts", "src\Management\MNX.MonitoringCenter.Management.Contracts\MNX.MonitoringCenter.Management.Contracts.csproj", "{C1ECD155-043C-485E-9710-AF802E3EBE69}"
EndProject
Project("{9A19103F-16F7-4668-BE54-9A1E7A4F7556}") = "MNX.MonitoringCenter.Management.Core", "src\Management\MNX.MonitoringCenter.Management.Core\MNX.MonitoringCenter.Management.Core.csproj", "{D424F218-239C-48EF-84C2-921AFE7417B1}"
EndProject
Project("{9A19103F-16F7-4668-BE54-9A1E7A4F7556}") = "MNX.MonitoringCenter.Management.DataAccess", "src\Management\MNX.MonitoringCenter.Management.DataAccess\MNX.MonitoringCenter.Management.DataAccess.csproj", "{313F36DF-6C7B-4D5F-9EB9-861CF7F2D79E}"
EndProject
Project("{9A19103F-16F7-4668-BE54-9A1E7A4F7556}") = "MNX.MonitoringCenter.Management.UseCases", "src\Management\MNX.MonitoringCenter.Management.UseCases\MNX.MonitoringCenter.Management.UseCases.csproj", "{6566F878-22A5-486A-ADB1-EE0FBAB2B47C}"
EndProject
Project("{9A19103F-16F7-4668-BE54-9A1E7A4F7556}") = "MNX.MonitoringCenter.Management.Service", "src\Management\MNX.MonitoringCenter.Management.Service\MNX.MonitoringCenter.Management.Service.csproj", "{36695482-7A7E-4B48-9CCA-3BF6864E7056}"
EndProject
Project("{2150E333-8FDC-42A3-9474-1A3956D46DE8}") = "Management", "Management", "{614A467A-DD66-457E-AB9D-8883B0F6B2D2}"
EndProject
Project("{9A19103F-16F7-4668-BE54-9A1E7A4F7556}") = "MNX.MonitoringCenter.Management.UseCases.Tests", "tests\Management\MNX.MonitoringCenter.Management.UseCases.Tests\MNX.MonitoringCenter.Management.UseCases.Tests.csproj", "{1FAEEFC2-14CC-4C49-B71D-3C4FF532197C}"
EndProject
Project("{2150E333-8FDC-42A3-9474-1A3956D46DE8}") = "Monitoring", "Monitoring", "{7BEC6D83-F850-4C4C-82C8-012F67D2507C}"
EndProject
Project("{2150E333-8FDC-42A3-9474-1A3956D46DE8}") = "Monitoring", "Monitoring", "{D463AEFD-3E97-4382-B614-E4D3909FA0F6}"
EndProject
Project("{FAE04EC0-301F-11D3-BF4B-00C04F79EFBC}") = "MNX.MonitoringCenter.Monitoring.Service", "src\Monitoring\MNX.MonitoringCenter.Monitoring.Service\MNX.MonitoringCenter.Monitoring.Service.csproj", "{4C5E116C-8C16-4F70-9C9E-F1855A7158B8}"
EndProject
Global
	GlobalSection(SolutionConfigurationPlatforms) = preSolution
		Debug|Any CPU = Debug|Any CPU
		Release|Any CPU = Release|Any CPU
	EndGlobalSection
	GlobalSection(ProjectConfigurationPlatforms) = postSolution
		{4FE440FA-F3EA-4046-B323-440C3472A5E5}.Debug|Any CPU.ActiveCfg = Debug|Any CPU
		{4FE440FA-F3EA-4046-B323-440C3472A5E5}.Debug|Any CPU.Build.0 = Debug|Any CPU
		{4FE440FA-F3EA-4046-B323-440C3472A5E5}.Release|Any CPU.ActiveCfg = Release|Any CPU
		{4FE440FA-F3EA-4046-B323-440C3472A5E5}.Release|Any CPU.Build.0 = Release|Any CPU
		{0A1AE0E4-6FB8-4220-997D-419734134E9A}.Debug|Any CPU.ActiveCfg = Debug|Any CPU
		{0A1AE0E4-6FB8-4220-997D-419734134E9A}.Debug|Any CPU.Build.0 = Debug|Any CPU
		{0A1AE0E4-6FB8-4220-997D-419734134E9A}.Release|Any CPU.ActiveCfg = Release|Any CPU
		{0A1AE0E4-6FB8-4220-997D-419734134E9A}.Release|Any CPU.Build.0 = Release|Any CPU
		{C1ECD155-043C-485E-9710-AF802E3EBE69}.Debug|Any CPU.ActiveCfg = Debug|Any CPU
		{C1ECD155-043C-485E-9710-AF802E3EBE69}.Debug|Any CPU.Build.0 = Debug|Any CPU
		{C1ECD155-043C-485E-9710-AF802E3EBE69}.Release|Any CPU.ActiveCfg = Release|Any CPU
		{C1ECD155-043C-485E-9710-AF802E3EBE69}.Release|Any CPU.Build.0 = Release|Any CPU
		{D424F218-239C-48EF-84C2-921AFE7417B1}.Debug|Any CPU.ActiveCfg = Debug|Any CPU
		{D424F218-239C-48EF-84C2-921AFE7417B1}.Debug|Any CPU.Build.0 = Debug|Any CPU
		{D424F218-239C-48EF-84C2-921AFE7417B1}.Release|Any CPU.ActiveCfg = Release|Any CPU
		{D424F218-239C-48EF-84C2-921AFE7417B1}.Release|Any CPU.Build.0 = Release|Any CPU
		{313F36DF-6C7B-4D5F-9EB9-861CF7F2D79E}.Debug|Any CPU.ActiveCfg = Debug|Any CPU
		{313F36DF-6C7B-4D5F-9EB9-861CF7F2D79E}.Debug|Any CPU.Build.0 = Debug|Any CPU
		{313F36DF-6C7B-4D5F-9EB9-861CF7F2D79E}.Release|Any CPU.ActiveCfg = Release|Any CPU
		{313F36DF-6C7B-4D5F-9EB9-861CF7F2D79E}.Release|Any CPU.Build.0 = Release|Any CPU
		{6566F878-22A5-486A-ADB1-EE0FBAB2B47C}.Debug|Any CPU.ActiveCfg = Debug|Any CPU
		{6566F878-22A5-486A-ADB1-EE0FBAB2B47C}.Debug|Any CPU.Build.0 = Debug|Any CPU
		{6566F878-22A5-486A-ADB1-EE0FBAB2B47C}.Release|Any CPU.ActiveCfg = Release|Any CPU
		{6566F878-22A5-486A-ADB1-EE0FBAB2B47C}.Release|Any CPU.Build.0 = Release|Any CPU
		{36695482-7A7E-4B48-9CCA-3BF6864E7056}.Debug|Any CPU.ActiveCfg = Debug|Any CPU
		{36695482-7A7E-4B48-9CCA-3BF6864E7056}.Debug|Any CPU.Build.0 = Debug|Any CPU
		{36695482-7A7E-4B48-9CCA-3BF6864E7056}.Release|Any CPU.ActiveCfg = Release|Any CPU
		{36695482-7A7E-4B48-9CCA-3BF6864E7056}.Release|Any CPU.Build.0 = Release|Any CPU
		{1FAEEFC2-14CC-4C49-B71D-3C4FF532197C}.Debug|Any CPU.ActiveCfg = Debug|Any CPU
		{1FAEEFC2-14CC-4C49-B71D-3C4FF532197C}.Debug|Any CPU.Build.0 = Debug|Any CPU
		{1FAEEFC2-14CC-4C49-B71D-3C4FF532197C}.Release|Any CPU.ActiveCfg = Release|Any CPU
		{1FAEEFC2-14CC-4C49-B71D-3C4FF532197C}.Release|Any CPU.Build.0 = Release|Any CPU
		{4C5E116C-8C16-4F70-9C9E-F1855A7158B8}.Debug|Any CPU.ActiveCfg = Debug|Any CPU
		{4C5E116C-8C16-4F70-9C9E-F1855A7158B8}.Debug|Any CPU.Build.0 = Debug|Any CPU
		{4C5E116C-8C16-4F70-9C9E-F1855A7158B8}.Release|Any CPU.ActiveCfg = Release|Any CPU
		{4C5E116C-8C16-4F70-9C9E-F1855A7158B8}.Release|Any CPU.Build.0 = Release|Any CPU
	EndGlobalSection
	GlobalSection(SolutionProperties) = preSolution
		HideSolutionNode = FALSE
	EndGlobalSection
	GlobalSection(NestedProjects) = preSolution
		{4FE440FA-F3EA-4046-B323-440C3472A5E5} = {4282C039-7DD9-46FD-ADF4-497E6EF0725E}
		{0A1AE0E4-6FB8-4220-997D-419734134E9A} = {4282C039-7DD9-46FD-ADF4-497E6EF0725E}
		{9C628EEF-6EAA-4451-83D8-74D9E717C558} = {B019F5E8-535B-4FBB-9495-B64EF4079E92}
		{C1ECD155-043C-485E-9710-AF802E3EBE69} = {9C628EEF-6EAA-4451-83D8-74D9E717C558}
		{D424F218-239C-48EF-84C2-921AFE7417B1} = {9C628EEF-6EAA-4451-83D8-74D9E717C558}
		{313F36DF-6C7B-4D5F-9EB9-861CF7F2D79E} = {9C628EEF-6EAA-4451-83D8-74D9E717C558}
		{6566F878-22A5-486A-ADB1-EE0FBAB2B47C} = {9C628EEF-6EAA-4451-83D8-74D9E717C558}
		{36695482-7A7E-4B48-9CCA-3BF6864E7056} = {9C628EEF-6EAA-4451-83D8-74D9E717C558}
		{614A467A-DD66-457E-AB9D-8883B0F6B2D2} = {0971EE51-2886-44E6-8FA4-11B606DBFD61}
		{1FAEEFC2-14CC-4C49-B71D-3C4FF532197C} = {614A467A-DD66-457E-AB9D-8883B0F6B2D2}
		{7BEC6D83-F850-4C4C-82C8-012F67D2507C} = {B019F5E8-535B-4FBB-9495-B64EF4079E92}
		{D463AEFD-3E97-4382-B614-E4D3909FA0F6} = {0971EE51-2886-44E6-8FA4-11B606DBFD61}
		{4C5E116C-8C16-4F70-9C9E-F1855A7158B8} = {7BEC6D83-F850-4C4C-82C8-012F67D2507C}
	EndGlobalSection
	GlobalSection(ExtensibilityGlobals) = postSolution
		SolutionGuid = {4FBECFB8-CC2B-400B-A406-389D1F31BF93}
	EndGlobalSection
EndGlobal
