
Microsoft Visual Studio Solution File, Format Version 12.00
# Visual Studio Version 17
VisualStudioVersion = 17.7.34202.233
MinimumVisualStudioVersion = 10.0.40219.1
Project("{2150E333-8FDC-42A3-9474-1A3956D46DE8}") = "src", "src", "{B019F5E8-535B-4FBB-9495-B64EF4079E92}"
EndProject
Project("{2150E333-8FDC-42A3-9474-1A3956D46DE8}") = "tests", "tests", "{0971EE51-2886-44E6-8FA4-11B606DBFD61}"
EndProject
Project("{2150E333-8FDC-42A3-9474-1A3956D46DE8}") = "Management", "Management", "{9C628EEF-6EAA-4451-83D8-74D9E717C558}"
EndProject
Project("{9A19103F-16F7-4668-BE54-9A1E7A4F7556}") = "MNX.MonitoringCenter.Management.Contracts", "src\Management\MNX.MonitoringCenter.Management.Contracts\MNX.MonitoringCenter.Management.Contracts.csproj", "{C1ECD155-043C-485E-9710-AF802E3EBE69}"
EndProject
Project("{9A19103F-16F7-4668-BE54-9A1E7A4F7556}") = "MNX.MonitoringCenter.Management.Core", "src\Management\MNX.MonitoringCenter.Management.Core\MNX.MonitoringCenter.Management.Core.csproj", "{D424F218-239C-48EF-84C2-921AFE7417B1}"
EndProject
Project("{9A19103F-16F7-4668-BE54-9A1E7A4F7556}") = "MNX.MonitoringCenter.Management.DataAccess", "src\Management\MNX.MonitoringCenter.Management.DataAccess\MNX.MonitoringCenter.Management.DataAccess.csproj", "{313F36DF-6C7B-4D5F-9EB9-861CF7F2D79E}"
EndProject
Project("{9A19103F-16F7-4668-BE54-9A1E7A4F7556}") = "MNX.MonitoringCenter.Management.UseCases", "src\Management\MNX.MonitoringCenter.Management.UseCases\MNX.MonitoringCenter.Management.UseCases.csproj", "{6566F878-22A5-486A-ADB1-EE0FBAB2B47C}"
EndProject
Project("{9A19103F-16F7-4668-BE54-9A1E7A4F7556}") = "MNX.MonitoringCenter.Management.Service", "src\Management\MNX.MonitoringCenter.Management.Service\MNX.MonitoringCenter.Management.Service.csproj", "{36695482-7A7E-4B48-9CCA-3BF6864E7056}"
EndProject
Project("{2150E333-8FDC-42A3-9474-1A3956D46DE8}") = "Management", "Management", "{614A467A-DD66-457E-AB9D-8883B0F6B2D2}"
EndProject
Project("{2150E333-8FDC-42A3-9474-1A3956D46DE8}") = "Monitoring", "Monitoring", "{7BEC6D83-F850-4C4C-82C8-012F67D2507C}"
EndProject
Project("{9A19103F-16F7-4668-BE54-9A1E7A4F7556}") = "MNX.MonitoringCenter.Monitoring.DataAccess", "src\Monitoring\MNX.MonitoringCenter.Monitoring.DataAccess\MNX.MonitoringCenter.Monitoring.DataAccess.csproj", "{C069577F-5973-4B40-9931-AC9846967B28}"
EndProject
Project("{9A19103F-16F7-4668-BE54-9A1E7A4F7556}") = "MNX.MonitoringCenter.Monitoring.Service", "src\Monitoring\MNX.MonitoringCenter.Monitoring.Service\MNX.MonitoringCenter.Monitoring.Service.csproj", "{13425A34-C3EE-4AB3-91FF-5E9BF88C2792}"
EndProject
Project("{9A19103F-16F7-4668-BE54-9A1E7A4F7556}") = "MNX.MonitoringCenter.Monitoring.UseCases", "src\Monitoring\MNX.MonitoringCenter.Monitoring.UseCases\MNX.MonitoringCenter.Monitoring.UseCases.csproj", "{D003C366-93D4-48C6-AAB5-8F6C7D75872E}"
EndProject
Project("{2150E333-8FDC-42A3-9474-1A3956D46DE8}") = "Monitoring", "Monitoring", "{805D2321-19BC-4D53-A3CE-3E1487E916F7}"
EndProject
Project("{9A19103F-16F7-4668-BE54-9A1E7A4F7556}") = "MNX.MonitoringCenter.Infrastructure", "src\MNX.MonitoringCenter.Infrastructure\MNX.MonitoringCenter.Infrastructure.csproj", "{00F4B69B-D25B-4D39-8BE0-1DE340640946}"
EndProject
Project("{9A19103F-16F7-4668-BE54-9A1E7A4F7556}") = "MonitoringClient", "tests\Monitoring\MonitoringClient\MonitoringClient.csproj", "{56FED1E8-8978-4D0E-8F75-62B5FC654626}"
EndProject
Project("{9A19103F-16F7-4668-BE54-9A1E7A4F7556}") = "MNX.MonitoringCenter.Monitoring.Core", "src\Monitoring\MNX.MonitoringCenter.Monitoring.Core\MNX.MonitoringCenter.Monitoring.Core.csproj", "{34B38F59-D27C-4F0D-B322-16531FE5F363}"
EndProject
Project("{9A19103F-16F7-4668-BE54-9A1E7A4F7556}") = "MNX.MonitoringCenter.Monitoring.Contracts.Bus", "src\Monitoring\MNX.MonitoringCenter.Monitoring.Contracts.Bus\MNX.MonitoringCenter.Monitoring.Contracts.Bus.csproj", "{B50645BE-693F-43D1-BE68-F1207E3B4453}"
EndProject
Global
	GlobalSection(SolutionConfigurationPlatforms) = preSolution
		Debug|Any CPU = Debug|Any CPU
		Release|Any CPU = Release|Any CPU
	EndGlobalSection
	GlobalSection(ProjectConfigurationPlatforms) = postSolution
		{C1ECD155-043C-485E-9710-AF802E3EBE69}.Debug|Any CPU.ActiveCfg = Debug|Any CPU
		{C1ECD155-043C-485E-9710-AF802E3EBE69}.Debug|Any CPU.Build.0 = Debug|Any CPU
		{C1ECD155-043C-485E-9710-AF802E3EBE69}.Release|Any CPU.ActiveCfg = Release|Any CPU
		{C1ECD155-043C-485E-9710-AF802E3EBE69}.Release|Any CPU.Build.0 = Release|Any CPU
		{D424F218-239C-48EF-84C2-921AFE7417B1}.Debug|Any CPU.ActiveCfg = Debug|Any CPU
		{D424F218-239C-48EF-84C2-921AFE7417B1}.Debug|Any CPU.Build.0 = Debug|Any CPU
		{D424F218-239C-48EF-84C2-921AFE7417B1}.Release|Any CPU.ActiveCfg = Release|Any CPU
		{D424F218-239C-48EF-84C2-921AFE7417B1}.Release|Any CPU.Build.0 = Release|Any CPU
		{313F36DF-6C7B-4D5F-9EB9-861CF7F2D79E}.Debug|Any CPU.ActiveCfg = Debug|Any CPU
		{313F36DF-6C7B-4D5F-9EB9-861CF7F2D79E}.Debug|Any CPU.Build.0 = Debug|Any CPU
		{313F36DF-6C7B-4D5F-9EB9-861CF7F2D79E}.Release|Any CPU.ActiveCfg = Release|Any CPU
		{313F36DF-6C7B-4D5F-9EB9-861CF7F2D79E}.Release|Any CPU.Build.0 = Release|Any CPU
		{6566F878-22A5-486A-ADB1-EE0FBAB2B47C}.Debug|Any CPU.ActiveCfg = Debug|Any CPU
		{6566F878-22A5-486A-ADB1-EE0FBAB2B47C}.Debug|Any CPU.Build.0 = Debug|Any CPU
		{6566F878-22A5-486A-ADB1-EE0FBAB2B47C}.Release|Any CPU.ActiveCfg = Release|Any CPU
		{6566F878-22A5-486A-ADB1-EE0FBAB2B47C}.Release|Any CPU.Build.0 = Release|Any CPU
		{36695482-7A7E-4B48-9CCA-3BF6864E7056}.Debug|Any CPU.ActiveCfg = Debug|Any CPU
		{36695482-7A7E-4B48-9CCA-3BF6864E7056}.Debug|Any CPU.Build.0 = Debug|Any CPU
		{36695482-7A7E-4B48-9CCA-3BF6864E7056}.Release|Any CPU.ActiveCfg = Release|Any CPU
		{36695482-7A7E-4B48-9CCA-3BF6864E7056}.Release|Any CPU.Build.0 = Release|Any CPU
		{C069577F-5973-4B40-9931-AC9846967B28}.Debug|Any CPU.ActiveCfg = Debug|Any CPU
		{C069577F-5973-4B40-9931-AC9846967B28}.Debug|Any CPU.Build.0 = Debug|Any CPU
		{C069577F-5973-4B40-9931-AC9846967B28}.Release|Any CPU.ActiveCfg = Release|Any CPU
		{C069577F-5973-4B40-9931-AC9846967B28}.Release|Any CPU.Build.0 = Release|Any CPU
		{13425A34-C3EE-4AB3-91FF-5E9BF88C2792}.Debug|Any CPU.ActiveCfg = Debug|Any CPU
		{13425A34-C3EE-4AB3-91FF-5E9BF88C2792}.Debug|Any CPU.Build.0 = Debug|Any CPU
		{13425A34-C3EE-4AB3-91FF-5E9BF88C2792}.Release|Any CPU.ActiveCfg = Release|Any CPU
		{13425A34-C3EE-4AB3-91FF-5E9BF88C2792}.Release|Any CPU.Build.0 = Release|Any CPU
		{D003C366-93D4-48C6-AAB5-8F6C7D75872E}.Debug|Any CPU.ActiveCfg = Debug|Any CPU
		{D003C366-93D4-48C6-AAB5-8F6C7D75872E}.Debug|Any CPU.Build.0 = Debug|Any CPU
		{D003C366-93D4-48C6-AAB5-8F6C7D75872E}.Release|Any CPU.ActiveCfg = Release|Any CPU
		{D003C366-93D4-48C6-AAB5-8F6C7D75872E}.Release|Any CPU.Build.0 = Release|Any CPU
		{00F4B69B-D25B-4D39-8BE0-1DE340640946}.Debug|Any CPU.ActiveCfg = Debug|Any CPU
		{00F4B69B-D25B-4D39-8BE0-1DE340640946}.Debug|Any CPU.Build.0 = Debug|Any CPU
		{00F4B69B-D25B-4D39-8BE0-1DE340640946}.Release|Any CPU.ActiveCfg = Release|Any CPU
		{00F4B69B-D25B-4D39-8BE0-1DE340640946}.Release|Any CPU.Build.0 = Release|Any CPU
		{56FED1E8-8978-4D0E-8F75-62B5FC654626}.Debug|Any CPU.ActiveCfg = Debug|Any CPU
		{56FED1E8-8978-4D0E-8F75-62B5FC654626}.Debug|Any CPU.Build.0 = Debug|Any CPU
		{56FED1E8-8978-4D0E-8F75-62B5FC654626}.Release|Any CPU.ActiveCfg = Release|Any CPU
		{56FED1E8-8978-4D0E-8F75-62B5FC654626}.Release|Any CPU.Build.0 = Release|Any CPU
		{34B38F59-D27C-4F0D-B322-16531FE5F363}.Debug|Any CPU.ActiveCfg = Debug|Any CPU
		{34B38F59-D27C-4F0D-B322-16531FE5F363}.Debug|Any CPU.Build.0 = Debug|Any CPU
		{34B38F59-D27C-4F0D-B322-16531FE5F363}.Release|Any CPU.ActiveCfg = Release|Any CPU
		{34B38F59-D27C-4F0D-B322-16531FE5F363}.Release|Any CPU.Build.0 = Release|Any CPU
		{B50645BE-693F-43D1-BE68-F1207E3B4453}.Debug|Any CPU.ActiveCfg = Debug|Any CPU
		{B50645BE-693F-43D1-BE68-F1207E3B4453}.Debug|Any CPU.Build.0 = Debug|Any CPU
		{B50645BE-693F-43D1-BE68-F1207E3B4453}.Release|Any CPU.ActiveCfg = Release|Any CPU
		{B50645BE-693F-43D1-BE68-F1207E3B4453}.Release|Any CPU.Build.0 = Release|Any CPU
	EndGlobalSection
	GlobalSection(SolutionProperties) = preSolution
		HideSolutionNode = FALSE
	EndGlobalSection
	GlobalSection(NestedProjects) = preSolution
		{9C628EEF-6EAA-4451-83D8-74D9E717C558} = {B019F5E8-535B-4FBB-9495-B64EF4079E92}
		{C1ECD155-043C-485E-9710-AF802E3EBE69} = {9C628EEF-6EAA-4451-83D8-74D9E717C558}
		{D424F218-239C-48EF-84C2-921AFE7417B1} = {9C628EEF-6EAA-4451-83D8-74D9E717C558}
		{313F36DF-6C7B-4D5F-9EB9-861CF7F2D79E} = {9C628EEF-6EAA-4451-83D8-74D9E717C558}
		{6566F878-22A5-486A-ADB1-EE0FBAB2B47C} = {9C628EEF-6EAA-4451-83D8-74D9E717C558}
		{36695482-7A7E-4B48-9CCA-3BF6864E7056} = {9C628EEF-6EAA-4451-83D8-74D9E717C558}
		{614A467A-DD66-457E-AB9D-8883B0F6B2D2} = {0971EE51-2886-44E6-8FA4-11B606DBFD61}
		{7BEC6D83-F850-4C4C-82C8-012F67D2507C} = {B019F5E8-535B-4FBB-9495-B64EF4079E92}
		{C069577F-5973-4B40-9931-AC9846967B28} = {7BEC6D83-F850-4C4C-82C8-012F67D2507C}
		{13425A34-C3EE-4AB3-91FF-5E9BF88C2792} = {7BEC6D83-F850-4C4C-82C8-012F67D2507C}
		{D003C366-93D4-48C6-AAB5-8F6C7D75872E} = {7BEC6D83-F850-4C4C-82C8-012F67D2507C}
		{805D2321-19BC-4D53-A3CE-3E1487E916F7} = {0971EE51-2886-44E6-8FA4-11B606DBFD61}
		{00F4B69B-D25B-4D39-8BE0-1DE340640946} = {B019F5E8-535B-4FBB-9495-B64EF4079E92}
		{56FED1E8-8978-4D0E-8F75-62B5FC654626} = {805D2321-19BC-4D53-A3CE-3E1487E916F7}
		{34B38F59-D27C-4F0D-B322-16531FE5F363} = {7BEC6D83-F850-4C4C-82C8-012F67D2507C}
		{B50645BE-693F-43D1-BE68-F1207E3B4453} = {7BEC6D83-F850-4C4C-82C8-012F67D2507C}
	EndGlobalSection
	GlobalSection(ExtensibilityGlobals) = postSolution
		SolutionGuid = {4FBECFB8-CC2B-400B-A406-389D1F31BF93}
	EndGlobalSection
EndGlobal
