
Microsoft Visual Studio Solution File, Format Version 12.00
# Visual Studio Version 17
VisualStudioVersion = 17.7.34202.233
MinimumVisualStudioVersion = 10.0.40219.1
Project("{2150E333-8FDC-42A3-9474-1A3956D46DE8}") = "src", "src", "{B019F5E8-535B-4FBB-9495-B64EF4079E92}"
EndProject
Project("{2150E333-8FDC-42A3-9474-1A3956D46DE8}") = "tests", "tests", "{0971EE51-2886-44E6-8FA4-11B606DBFD61}"
EndProject
Project("{2150E333-8FDC-42A3-9474-1A3956D46DE8}") = "Management", "Management", "{9C628EEF-6EAA-4451-83D8-74D9E717C558}"
EndProject
Project("{9A19103F-16F7-4668-BE54-9A1E7A4F7556}") = "MNX.MonitoringCenter.Management.Contracts", "src\Management\MNX.MonitoringCenter.Management.Contracts\MNX.MonitoringCenter.Management.Contracts.csproj", "{C1ECD155-043C-485E-9710-AF802E3EBE69}"
EndProject
Project("{9A19103F-16F7-4668-BE54-9A1E7A4F7556}") = "MNX.MonitoringCenter.Management.Core", "src\Management\MNX.MonitoringCenter.Management.Core\MNX.MonitoringCenter.Management.Core.csproj", "{D424F218-239C-48EF-84C2-921AFE7417B1}"
EndProject
Project("{9A19103F-16F7-4668-BE54-9A1E7A4F7556}") = "MNX.MonitoringCenter.Management.DataAccess", "src\Management\MNX.MonitoringCenter.Management.DataAccess\MNX.MonitoringCenter.Management.DataAccess.csproj", "{313F36DF-6C7B-4D5F-9EB9-861CF7F2D79E}"
EndProject
Project("{9A19103F-16F7-4668-BE54-9A1E7A4F7556}") = "MNX.MonitoringCenter.Management.UseCases", "src\Management\MNX.MonitoringCenter.Management.UseCases\MNX.MonitoringCenter.Management.UseCases.csproj", "{6566F878-22A5-486A-ADB1-EE0FBAB2B47C}"
EndProject
Project("{2150E333-8FDC-42A3-9474-1A3956D46DE8}") = "Inventory", "Inventory", "{87F9E337-4D37-415A-9BC2-43FB5AC423A9}"
EndProject
Project("{9A19103F-16F7-4668-BE54-9A1E7A4F7556}") = "MNX.MonitoringCenter.Inventory.Contracts", "src\Inventory\MNX.MonitoringCenter.Inventory.Contracts\MNX.MonitoringCenter.Inventory.Contracts.csproj", "{FF04FA7B-3F9C-4DCF-9460-C91E54C21DE0}"
EndProject
Project("{9A19103F-16F7-4668-BE54-9A1E7A4F7556}") = "MNX.MonitoringCenter.Inventory.UseCases", "src\Inventory\MNX.MonitoringCenter.Inventory.UseCases\MNX.MonitoringCenter.Inventory.UseCases.csproj", "{DC2BD393-341E-48CB-907F-78C31FDD34D5}"
EndProject
Project("{9A19103F-16F7-4668-BE54-9A1E7A4F7556}") = "MNX.MonitoringCenter.Inventory.DataAccess", "src\Inventory\MNX.MonitoringCenter.Inventory.DataAccess\MNX.MonitoringCenter.Inventory.DataAccess.csproj", "{F7E132B5-14DE-45DD-A624-D3A726C9308A}"
EndProject
Project("{9A19103F-16F7-4668-BE54-9A1E7A4F7556}") = "MNX.MonitoringCenter.Inventory.Integration", "src\Inventory\MNX.MonitoringCenter.Inventory.Integration\MNX.MonitoringCenter.Inventory.Integration.csproj", "{C82B2514-573B-4752-BC20-B4338A244526}"
EndProject
Project("{9A19103F-16F7-4668-BE54-9A1E7A4F7556}") = "MNX.MonitoringCenter.RigsApi.Service", "src\MNX.MonitoringCenter.RigsApi.Service\MNX.MonitoringCenter.RigsApi.Service.csproj", "{D85EA165-EBC5-4523-ADEC-E85B990166DF}"
EndProject
Project("{2150E333-8FDC-42A3-9474-1A3956D46DE8}") = "Traffic", "Traffic", "{E2CFFD40-3E21-4015-AC1D-D208285408D0}"
EndProject
Project("{9A19103F-16F7-4668-BE54-9A1E7A4F7556}") = "MNX.MonitoringCenter.Traffic.Contracts.Bus", "src\Traffic\MNX.MonitoringCenter.Traffic.Contracts.Bus\MNX.MonitoringCenter.Traffic.Contracts.Bus.csproj", "{13192450-A4C7-40C3-9922-8C91F9705B80}"
EndProject
Project("{9A19103F-16F7-4668-BE54-9A1E7A4F7556}") = "MNX.MonitoringCenter.Traffic.Observers", "src\Traffic\MNX.MonitoringCenter.Traffic.Observers\MNX.MonitoringCenter.Traffic.Observers.csproj", "{53A63ABC-5A84-4278-B1AD-9B516813C844}"
EndProject
Project("{9A19103F-16F7-4668-BE54-9A1E7A4F7556}") = "MNX.MonitoringCenter.Traffic.Integration", "src\Traffic\MNX.MonitoringCenter.Traffic.Integration\MNX.MonitoringCenter.Traffic.Integration.csproj", "{018969AC-0932-4ECE-873C-AFA8E9FE0405}"
EndProject
Project("{9A19103F-16F7-4668-BE54-9A1E7A4F7556}") = "MNX.MonitoringCenter.Inventory.Contracts.Requests", "src\Inventory\MNX.MonitoringCenter.Inventory.Contracts.Requests\MNX.MonitoringCenter.Inventory.Contracts.Requests.csproj", "{5D7E35A9-BCD9-4FB4-8EDB-8C2865BE1142}"
EndProject
Project("{9A19103F-16F7-4668-BE54-9A1E7A4F7556}") = "MNX.MonitoringCenter.Management.Integration", "src\Management\MNX.MonitoringCenter.Management.Integration\MNX.MonitoringCenter.Management.Integration.csproj", "{EA567803-31A8-49E4-85A8-17B3B53BB474}"
EndProject
Project("{2150E333-8FDC-42A3-9474-1A3956D46DE8}") = "Traffic", "Traffic", "{9FA013FC-79DD-4969-BBF5-5F547838C0B4}"
EndProject
Project("{9A19103F-16F7-4668-BE54-9A1E7A4F7556}") = "MNX.MonitoringCenter.RigsApi.UseCases", "src\MNX.MonitoringCenter.RigsApi.UseCases\MNX.MonitoringCenter.RigsApi.UseCases.csproj", "{03157656-45B4-4312-86D0-A332D6766F9C}"
EndProject
Project("{9A19103F-16F7-4668-BE54-9A1E7A4F7556}") = "MNX.MonitoringCenter.Traffic.IntegrationTests", "tests\Traffic\MNX.MonitoringCenter.Traffic.IntegrationTests\MNX.MonitoringCenter.Traffic.IntegrationTests.csproj", "{1A7D9B99-6C09-4F83-964E-0B76A60277FB}"
EndProject
Project("{9A19103F-16F7-4668-BE54-9A1E7A4F7556}") = "MNX.MonitoringCenter.Management.Agent.Commands", "src\Management\MNX.MonitoringCenter.Management.Agent.Commands\MNX.MonitoringCenter.Management.Agent.Commands.csproj", "{E914E562-D096-4836-89DD-9E3B4666DF7D}"
EndProject
Project("{9A19103F-16F7-4668-BE54-9A1E7A4F7556}") = "MNX.MonitoringCenter.Traffic.Contracts.SerializationTests", "tests\Traffic\MNX.MonitoringCenter.Traffic.Contracts.SerializationTests\MNX.MonitoringCenter.Traffic.Contracts.SerializationTests.csproj", "{8E926060-5BA8-4228-91DC-1AB88E3FBC4B}"
EndProject
Project("{9A19103F-16F7-4668-BE54-9A1E7A4F7556}") = "MNX.MonitoringCenter.RigsApi.UnionStreams", "src\MNX.MonitoringCenter.RigsApi.UnionStreams\MNX.MonitoringCenter.RigsApi.UnionStreams.csproj", "{EC733581-8769-48F5-BD32-A9321E8C4B03}"
EndProject
Project("{9A19103F-16F7-4668-BE54-9A1E7A4F7556}") = "MNX.MonitoringCenter.RigsApi.Contracts", "src\MNX.MonitoringCenter.RigsApi.Contracts\MNX.MonitoringCenter.RigsApi.Contracts.csproj", "{9F5E6424-5FD4-47C7-A5B0-7B37A11AD2B0}"
EndProject
Project("{2150E333-8FDC-42A3-9474-1A3956D46DE8}") = "RigsApi", "RigsApi", "{0B788845-9795-4316-881A-7D19D0FC9E8E}"
EndProject
Project("{9A19103F-16F7-4668-BE54-9A1E7A4F7556}") = "MNX.MonitoringCenter.RigsApi.Core", "src\MNX.MonitoringCenter.RigsApi.Core\MNX.MonitoringCenter.RigsApi.Core.csproj", "{D62D062C-9C95-41F7-8AEF-6F75B2DFD397}"
EndProject
Project("{9A19103F-16F7-4668-BE54-9A1E7A4F7556}") = "MNX.MonitoringCenter.RigsApi.GrainWrapper", "src\MNX.MonitoringCenter.RigsApi.GrainWrapper\MNX.MonitoringCenter.RigsApi.GrainWrapper.csproj", "{863C2748-C44E-4C7E-BF1F-157A7063C6B8}"
EndProject
Project("{9A19103F-16F7-4668-BE54-9A1E7A4F7556}") = "MNX.MonitoringCenter.RigsApi.DataAccess", "src\MNX.MonitoringCenter.RigsApi.DataAccess\MNX.MonitoringCenter.RigsApi.DataAccess.csproj", "{964F8443-26AE-4195-89B7-7A1BD4A4E60E}"
EndProject
Project("{9A19103F-16F7-4668-BE54-9A1E7A4F7556}") = "MNX.MonitoringCenter.RigsApi.DataAccess.Tests", "tests\RigsApi\MNX.MonitoringCenter.RigsApi.DataAccess.Tests\MNX.MonitoringCenter.RigsApi.DataAccess.Tests.csproj", "{A4AB0DA0-8426-46F7-AB7B-CB373A2880D3}"
EndProject
Project("{9A19103F-16F7-4668-BE54-9A1E7A4F7556}") = "MNX.MonitoringCenter.Management.UseCases.Mapping", "src\Management\MNX.MonitoringCenter.Management.Mapping\MNX.MonitoringCenter.Management.UseCases.Mapping.csproj", "{B65FC74B-C7E0-4D54-93A2-18CAEC95A1D7}"
EndProject
Project("{FAE04EC0-301F-11D3-BF4B-00C04F79EFBC}") = "MNX.MonitoringCenter.RigsApi.Contracts.Events", "src\MNX.MonitoringCenter.RigsApi.Contracts.Events\MNX.MonitoringCenter.RigsApi.Contracts.Events.csproj", "{B3D70E56-B680-469D-8032-CB1843C19D1B}"
EndProject
Project("{2150E333-8FDC-42A3-9474-1A3956D46DE8}") = "Management", "Management", "{36D591C7-65C7-A0D1-1CBC-10CDE441BDC8}"
EndProject
Project("{FAE04EC0-301F-11D3-BF4B-00C04F79EFBC}") = "MNX.MonitoringCenter.Management.UseCases.Mapping.Tests", "tests\Management\MNX.MonitoringCenter.Management.UseCases.Mapping.Tests\MNX.MonitoringCenter.Management.UseCases.Mapping.Tests.csproj", "{AEC2E2D2-7FB2-4AEA-8210-57AB35E96267}"
EndProject
Global
	GlobalSection(SolutionConfigurationPlatforms) = preSolution
		Debug|Any CPU = Debug|Any CPU
		Release|Any CPU = Release|Any CPU
	EndGlobalSection
	GlobalSection(ProjectConfigurationPlatforms) = postSolution
		{C1ECD155-043C-485E-9710-AF802E3EBE69}.Debug|Any CPU.ActiveCfg = Debug|Any CPU
		{C1ECD155-043C-485E-9710-AF802E3EBE69}.Debug|Any CPU.Build.0 = Debug|Any CPU
		{C1ECD155-043C-485E-9710-AF802E3EBE69}.Release|Any CPU.ActiveCfg = Release|Any CPU
		{C1ECD155-043C-485E-9710-AF802E3EBE69}.Release|Any CPU.Build.0 = Release|Any CPU
		{D424F218-239C-48EF-84C2-921AFE7417B1}.Debug|Any CPU.ActiveCfg = Debug|Any CPU
		{D424F218-239C-48EF-84C2-921AFE7417B1}.Debug|Any CPU.Build.0 = Debug|Any CPU
		{D424F218-239C-48EF-84C2-921AFE7417B1}.Release|Any CPU.ActiveCfg = Release|Any CPU
		{D424F218-239C-48EF-84C2-921AFE7417B1}.Release|Any CPU.Build.0 = Release|Any CPU
		{313F36DF-6C7B-4D5F-9EB9-861CF7F2D79E}.Debug|Any CPU.ActiveCfg = Debug|Any CPU
		{313F36DF-6C7B-4D5F-9EB9-861CF7F2D79E}.Debug|Any CPU.Build.0 = Debug|Any CPU
		{313F36DF-6C7B-4D5F-9EB9-861CF7F2D79E}.Release|Any CPU.ActiveCfg = Release|Any CPU
		{313F36DF-6C7B-4D5F-9EB9-861CF7F2D79E}.Release|Any CPU.Build.0 = Release|Any CPU
		{6566F878-22A5-486A-ADB1-EE0FBAB2B47C}.Debug|Any CPU.ActiveCfg = Debug|Any CPU
		{6566F878-22A5-486A-ADB1-EE0FBAB2B47C}.Debug|Any CPU.Build.0 = Debug|Any CPU
		{6566F878-22A5-486A-ADB1-EE0FBAB2B47C}.Release|Any CPU.ActiveCfg = Release|Any CPU
		{6566F878-22A5-486A-ADB1-EE0FBAB2B47C}.Release|Any CPU.Build.0 = Release|Any CPU
		{FF04FA7B-3F9C-4DCF-9460-C91E54C21DE0}.Debug|Any CPU.ActiveCfg = Debug|Any CPU
		{FF04FA7B-3F9C-4DCF-9460-C91E54C21DE0}.Debug|Any CPU.Build.0 = Debug|Any CPU
		{FF04FA7B-3F9C-4DCF-9460-C91E54C21DE0}.Release|Any CPU.ActiveCfg = Release|Any CPU
		{FF04FA7B-3F9C-4DCF-9460-C91E54C21DE0}.Release|Any CPU.Build.0 = Release|Any CPU
		{DC2BD393-341E-48CB-907F-78C31FDD34D5}.Debug|Any CPU.ActiveCfg = Debug|Any CPU
		{DC2BD393-341E-48CB-907F-78C31FDD34D5}.Debug|Any CPU.Build.0 = Debug|Any CPU
		{DC2BD393-341E-48CB-907F-78C31FDD34D5}.Release|Any CPU.ActiveCfg = Release|Any CPU
		{DC2BD393-341E-48CB-907F-78C31FDD34D5}.Release|Any CPU.Build.0 = Release|Any CPU
		{F7E132B5-14DE-45DD-A624-D3A726C9308A}.Debug|Any CPU.ActiveCfg = Debug|Any CPU
		{F7E132B5-14DE-45DD-A624-D3A726C9308A}.Debug|Any CPU.Build.0 = Debug|Any CPU
		{F7E132B5-14DE-45DD-A624-D3A726C9308A}.Release|Any CPU.ActiveCfg = Release|Any CPU
		{F7E132B5-14DE-45DD-A624-D3A726C9308A}.Release|Any CPU.Build.0 = Release|Any CPU
		{C82B2514-573B-4752-BC20-B4338A244526}.Debug|Any CPU.ActiveCfg = Debug|Any CPU
		{C82B2514-573B-4752-BC20-B4338A244526}.Debug|Any CPU.Build.0 = Debug|Any CPU
		{C82B2514-573B-4752-BC20-B4338A244526}.Release|Any CPU.ActiveCfg = Release|Any CPU
		{C82B2514-573B-4752-BC20-B4338A244526}.Release|Any CPU.Build.0 = Release|Any CPU
		{D85EA165-EBC5-4523-ADEC-E85B990166DF}.Debug|Any CPU.ActiveCfg = Debug|Any CPU
		{D85EA165-EBC5-4523-ADEC-E85B990166DF}.Debug|Any CPU.Build.0 = Debug|Any CPU
		{D85EA165-EBC5-4523-ADEC-E85B990166DF}.Release|Any CPU.ActiveCfg = Release|Any CPU
		{D85EA165-EBC5-4523-ADEC-E85B990166DF}.Release|Any CPU.Build.0 = Release|Any CPU
		{13192450-A4C7-40C3-9922-8C91F9705B80}.Debug|Any CPU.ActiveCfg = Debug|Any CPU
		{13192450-A4C7-40C3-9922-8C91F9705B80}.Debug|Any CPU.Build.0 = Debug|Any CPU
		{13192450-A4C7-40C3-9922-8C91F9705B80}.Release|Any CPU.ActiveCfg = Release|Any CPU
		{13192450-A4C7-40C3-9922-8C91F9705B80}.Release|Any CPU.Build.0 = Release|Any CPU
		{53A63ABC-5A84-4278-B1AD-9B516813C844}.Debug|Any CPU.ActiveCfg = Debug|Any CPU
		{53A63ABC-5A84-4278-B1AD-9B516813C844}.Debug|Any CPU.Build.0 = Debug|Any CPU
		{53A63ABC-5A84-4278-B1AD-9B516813C844}.Release|Any CPU.ActiveCfg = Release|Any CPU
		{53A63ABC-5A84-4278-B1AD-9B516813C844}.Release|Any CPU.Build.0 = Release|Any CPU
		{018969AC-0932-4ECE-873C-AFA8E9FE0405}.Debug|Any CPU.ActiveCfg = Debug|Any CPU
		{018969AC-0932-4ECE-873C-AFA8E9FE0405}.Debug|Any CPU.Build.0 = Debug|Any CPU
		{018969AC-0932-4ECE-873C-AFA8E9FE0405}.Release|Any CPU.ActiveCfg = Release|Any CPU
		{018969AC-0932-4ECE-873C-AFA8E9FE0405}.Release|Any CPU.Build.0 = Release|Any CPU
		{5D7E35A9-BCD9-4FB4-8EDB-8C2865BE1142}.Debug|Any CPU.ActiveCfg = Debug|Any CPU
		{5D7E35A9-BCD9-4FB4-8EDB-8C2865BE1142}.Debug|Any CPU.Build.0 = Debug|Any CPU
		{5D7E35A9-BCD9-4FB4-8EDB-8C2865BE1142}.Release|Any CPU.ActiveCfg = Release|Any CPU
		{5D7E35A9-BCD9-4FB4-8EDB-8C2865BE1142}.Release|Any CPU.Build.0 = Release|Any CPU
		{EA567803-31A8-49E4-85A8-17B3B53BB474}.Debug|Any CPU.ActiveCfg = Debug|Any CPU
		{EA567803-31A8-49E4-85A8-17B3B53BB474}.Debug|Any CPU.Build.0 = Debug|Any CPU
		{EA567803-31A8-49E4-85A8-17B3B53BB474}.Release|Any CPU.ActiveCfg = Release|Any CPU
		{EA567803-31A8-49E4-85A8-17B3B53BB474}.Release|Any CPU.Build.0 = Release|Any CPU
		{03157656-45B4-4312-86D0-A332D6766F9C}.Debug|Any CPU.ActiveCfg = Debug|Any CPU
		{03157656-45B4-4312-86D0-A332D6766F9C}.Debug|Any CPU.Build.0 = Debug|Any CPU
		{03157656-45B4-4312-86D0-A332D6766F9C}.Release|Any CPU.ActiveCfg = Release|Any CPU
		{03157656-45B4-4312-86D0-A332D6766F9C}.Release|Any CPU.Build.0 = Release|Any CPU
		{1A7D9B99-6C09-4F83-964E-0B76A60277FB}.Debug|Any CPU.ActiveCfg = Debug|Any CPU
		{1A7D9B99-6C09-4F83-964E-0B76A60277FB}.Debug|Any CPU.Build.0 = Debug|Any CPU
		{1A7D9B99-6C09-4F83-964E-0B76A60277FB}.Release|Any CPU.ActiveCfg = Release|Any CPU
		{1A7D9B99-6C09-4F83-964E-0B76A60277FB}.Release|Any CPU.Build.0 = Release|Any CPU
		{E914E562-D096-4836-89DD-9E3B4666DF7D}.Debug|Any CPU.ActiveCfg = Debug|Any CPU
		{E914E562-D096-4836-89DD-9E3B4666DF7D}.Debug|Any CPU.Build.0 = Debug|Any CPU
		{E914E562-D096-4836-89DD-9E3B4666DF7D}.Release|Any CPU.ActiveCfg = Release|Any CPU
		{E914E562-D096-4836-89DD-9E3B4666DF7D}.Release|Any CPU.Build.0 = Release|Any CPU
		{8E926060-5BA8-4228-91DC-1AB88E3FBC4B}.Debug|Any CPU.ActiveCfg = Debug|Any CPU
		{8E926060-5BA8-4228-91DC-1AB88E3FBC4B}.Debug|Any CPU.Build.0 = Debug|Any CPU
		{8E926060-5BA8-4228-91DC-1AB88E3FBC4B}.Release|Any CPU.ActiveCfg = Release|Any CPU
		{8E926060-5BA8-4228-91DC-1AB88E3FBC4B}.Release|Any CPU.Build.0 = Release|Any CPU
		{EC733581-8769-48F5-BD32-A9321E8C4B03}.Debug|Any CPU.ActiveCfg = Debug|Any CPU
		{EC733581-8769-48F5-BD32-A9321E8C4B03}.Debug|Any CPU.Build.0 = Debug|Any CPU
		{EC733581-8769-48F5-BD32-A9321E8C4B03}.Release|Any CPU.ActiveCfg = Release|Any CPU
		{EC733581-8769-48F5-BD32-A9321E8C4B03}.Release|Any CPU.Build.0 = Release|Any CPU
		{9F5E6424-5FD4-47C7-A5B0-7B37A11AD2B0}.Debug|Any CPU.ActiveCfg = Debug|Any CPU
		{9F5E6424-5FD4-47C7-A5B0-7B37A11AD2B0}.Debug|Any CPU.Build.0 = Debug|Any CPU
		{9F5E6424-5FD4-47C7-A5B0-7B37A11AD2B0}.Release|Any CPU.ActiveCfg = Release|Any CPU
		{9F5E6424-5FD4-47C7-A5B0-7B37A11AD2B0}.Release|Any CPU.Build.0 = Release|Any CPU
		{D62D062C-9C95-41F7-8AEF-6F75B2DFD397}.Debug|Any CPU.ActiveCfg = Debug|Any CPU
		{D62D062C-9C95-41F7-8AEF-6F75B2DFD397}.Debug|Any CPU.Build.0 = Debug|Any CPU
		{D62D062C-9C95-41F7-8AEF-6F75B2DFD397}.Release|Any CPU.ActiveCfg = Release|Any CPU
		{D62D062C-9C95-41F7-8AEF-6F75B2DFD397}.Release|Any CPU.Build.0 = Release|Any CPU
		{863C2748-C44E-4C7E-BF1F-157A7063C6B8}.Debug|Any CPU.ActiveCfg = Debug|Any CPU
		{863C2748-C44E-4C7E-BF1F-157A7063C6B8}.Debug|Any CPU.Build.0 = Debug|Any CPU
		{863C2748-C44E-4C7E-BF1F-157A7063C6B8}.Release|Any CPU.ActiveCfg = Release|Any CPU
		{863C2748-C44E-4C7E-BF1F-157A7063C6B8}.Release|Any CPU.Build.0 = Release|Any CPU
		{964F8443-26AE-4195-89B7-7A1BD4A4E60E}.Debug|Any CPU.ActiveCfg = Debug|Any CPU
		{964F8443-26AE-4195-89B7-7A1BD4A4E60E}.Debug|Any CPU.Build.0 = Debug|Any CPU
		{964F8443-26AE-4195-89B7-7A1BD4A4E60E}.Release|Any CPU.ActiveCfg = Release|Any CPU
		{964F8443-26AE-4195-89B7-7A1BD4A4E60E}.Release|Any CPU.Build.0 = Release|Any CPU
		{A4AB0DA0-8426-46F7-AB7B-CB373A2880D3}.Debug|Any CPU.ActiveCfg = Debug|Any CPU
		{A4AB0DA0-8426-46F7-AB7B-CB373A2880D3}.Debug|Any CPU.Build.0 = Debug|Any CPU
		{A4AB0DA0-8426-46F7-AB7B-CB373A2880D3}.Release|Any CPU.ActiveCfg = Release|Any CPU
		{A4AB0DA0-8426-46F7-AB7B-CB373A2880D3}.Release|Any CPU.Build.0 = Release|Any CPU
		{B65FC74B-C7E0-4D54-93A2-18CAEC95A1D7}.Debug|Any CPU.ActiveCfg = Debug|Any CPU
		{B65FC74B-C7E0-4D54-93A2-18CAEC95A1D7}.Debug|Any CPU.Build.0 = Debug|Any CPU
		{B65FC74B-C7E0-4D54-93A2-18CAEC95A1D7}.Release|Any CPU.ActiveCfg = Release|Any CPU
		{B65FC74B-C7E0-4D54-93A2-18CAEC95A1D7}.Release|Any CPU.Build.0 = Release|Any CPU
		{B3D70E56-B680-469D-8032-CB1843C19D1B}.Debug|Any CPU.ActiveCfg = Debug|Any CPU
		{B3D70E56-B680-469D-8032-CB1843C19D1B}.Debug|Any CPU.Build.0 = Debug|Any CPU
		{B3D70E56-B680-469D-8032-CB1843C19D1B}.Release|Any CPU.ActiveCfg = Release|Any CPU
		{B3D70E56-B680-469D-8032-CB1843C19D1B}.Release|Any CPU.Build.0 = Release|Any CPU
		{AEC2E2D2-7FB2-4AEA-8210-57AB35E96267}.Debug|Any CPU.ActiveCfg = Debug|Any CPU
		{AEC2E2D2-7FB2-4AEA-8210-57AB35E96267}.Debug|Any CPU.Build.0 = Debug|Any CPU
		{AEC2E2D2-7FB2-4AEA-8210-57AB35E96267}.Release|Any CPU.ActiveCfg = Release|Any CPU
		{AEC2E2D2-7FB2-4AEA-8210-57AB35E96267}.Release|Any CPU.Build.0 = Release|Any CPU
	EndGlobalSection
	GlobalSection(SolutionProperties) = preSolution
		HideSolutionNode = FALSE
	EndGlobalSection
	GlobalSection(NestedProjects) = preSolution
		{9C628EEF-6EAA-4451-83D8-74D9E717C558} = {B019F5E8-535B-4FBB-9495-B64EF4079E92}
		{C1ECD155-043C-485E-9710-AF802E3EBE69} = {9C628EEF-6EAA-4451-83D8-74D9E717C558}
		{D424F218-239C-48EF-84C2-921AFE7417B1} = {9C628EEF-6EAA-4451-83D8-74D9E717C558}
		{313F36DF-6C7B-4D5F-9EB9-861CF7F2D79E} = {9C628EEF-6EAA-4451-83D8-74D9E717C558}
		{6566F878-22A5-486A-ADB1-EE0FBAB2B47C} = {9C628EEF-6EAA-4451-83D8-74D9E717C558}
		{87F9E337-4D37-415A-9BC2-43FB5AC423A9} = {B019F5E8-535B-4FBB-9495-B64EF4079E92}
		{FF04FA7B-3F9C-4DCF-9460-C91E54C21DE0} = {87F9E337-4D37-415A-9BC2-43FB5AC423A9}
		{DC2BD393-341E-48CB-907F-78C31FDD34D5} = {87F9E337-4D37-415A-9BC2-43FB5AC423A9}
		{F7E132B5-14DE-45DD-A624-D3A726C9308A} = {87F9E337-4D37-415A-9BC2-43FB5AC423A9}
		{C82B2514-573B-4752-BC20-B4338A244526} = {87F9E337-4D37-415A-9BC2-43FB5AC423A9}
		{D85EA165-EBC5-4523-ADEC-E85B990166DF} = {B019F5E8-535B-4FBB-9495-B64EF4079E92}
		{E2CFFD40-3E21-4015-AC1D-D208285408D0} = {B019F5E8-535B-4FBB-9495-B64EF4079E92}
		{13192450-A4C7-40C3-9922-8C91F9705B80} = {E2CFFD40-3E21-4015-AC1D-D208285408D0}
		{53A63ABC-5A84-4278-B1AD-9B516813C844} = {E2CFFD40-3E21-4015-AC1D-D208285408D0}
		{018969AC-0932-4ECE-873C-AFA8E9FE0405} = {E2CFFD40-3E21-4015-AC1D-D208285408D0}
		{5D7E35A9-BCD9-4FB4-8EDB-8C2865BE1142} = {87F9E337-4D37-415A-9BC2-43FB5AC423A9}
		{EA567803-31A8-49E4-85A8-17B3B53BB474} = {9C628EEF-6EAA-4451-83D8-74D9E717C558}
		{9FA013FC-79DD-4969-BBF5-5F547838C0B4} = {0971EE51-2886-44E6-8FA4-11B606DBFD61}
		{03157656-45B4-4312-86D0-A332D6766F9C} = {B019F5E8-535B-4FBB-9495-B64EF4079E92}
		{1A7D9B99-6C09-4F83-964E-0B76A60277FB} = {9FA013FC-79DD-4969-BBF5-5F547838C0B4}
		{E914E562-D096-4836-89DD-9E3B4666DF7D} = {9C628EEF-6EAA-4451-83D8-74D9E717C558}
		{8E926060-5BA8-4228-91DC-1AB88E3FBC4B} = {9FA013FC-79DD-4969-BBF5-5F547838C0B4}
		{EC733581-8769-48F5-BD32-A9321E8C4B03} = {B019F5E8-535B-4FBB-9495-B64EF4079E92}
		{9F5E6424-5FD4-47C7-A5B0-7B37A11AD2B0} = {B019F5E8-535B-4FBB-9495-B64EF4079E92}
		{0B788845-9795-4316-881A-7D19D0FC9E8E} = {0971EE51-2886-44E6-8FA4-11B606DBFD61}
		{D62D062C-9C95-41F7-8AEF-6F75B2DFD397} = {B019F5E8-535B-4FBB-9495-B64EF4079E92}
		{863C2748-C44E-4C7E-BF1F-157A7063C6B8} = {B019F5E8-535B-4FBB-9495-B64EF4079E92}
		{964F8443-26AE-4195-89B7-7A1BD4A4E60E} = {B019F5E8-535B-4FBB-9495-B64EF4079E92}
		{A4AB0DA0-8426-46F7-AB7B-CB373A2880D3} = {0B788845-9795-4316-881A-7D19D0FC9E8E}
		{B65FC74B-C7E0-4D54-93A2-18CAEC95A1D7} = {9C628EEF-6EAA-4451-83D8-74D9E717C558}
		{B3D70E56-B680-469D-8032-CB1843C19D1B} = {B019F5E8-535B-4FBB-9495-B64EF4079E92}
		{36D591C7-65C7-A0D1-1CBC-10CDE441BDC8} = {0971EE51-2886-44E6-8FA4-11B606DBFD61}
		{AEC2E2D2-7FB2-4AEA-8210-57AB35E96267} = {36D591C7-65C7-A0D1-1CBC-10CDE441BDC8}
	EndGlobalSection
	GlobalSection(ExtensibilityGlobals) = postSolution
		SolutionGuid = {4FBECFB8-CC2B-400B-A406-389D1F31BF93}
	EndGlobalSection
EndGlobal
